
Microsoft Visual Studio Solution File, Format Version 12.00
# Visual Studio Version 17
VisualStudioVersion = 17.0.32112.339
MinimumVisualStudioVersion = 10.0.40219.1
Project("{FAE04EC0-301F-11D3-BF4B-00C04F79EFBC}") = "Excel-To-HTML", "Excel-To-HTML\Excel-To-HTML.csproj", "{145CAAB5-E9B8-4131-AC98-D82F093082D7}"
EndProject
Global
	GlobalSection(SolutionConfigurationPlatforms) = preSolution
		Debug|Any CPU = Debug|Any CPU
		Release|Any CPU = Release|Any CPU
	EndGlobalSection
	GlobalSection(ProjectConfigurationPlatforms) = postSolution
		{145CAAB5-E9B8-4131-AC98-D82F093082D7}.Debug|Any CPU.ActiveCfg = Debug|Any CPU
		{145CAAB5-E9B8-4131-AC98-D82F093082D7}.Debug|Any CPU.Build.0 = Debug|Any CPU
		{145CAAB5-E9B8-4131-AC98-D82F093082D7}.Release|Any CPU.ActiveCfg = Release|Any CPU
		{145CAAB5-E9B8-4131-AC98-D82F093082D7}.Release|Any CPU.Build.0 = Release|Any CPU
	EndGlobalSection
	GlobalSection(SolutionProperties) = preSolution
		HideSolutionNode = FALSE
	EndGlobalSection
	GlobalSection(ExtensibilityGlobals) = postSolution
		SolutionGuid = {77737360-60CF-41C4-B0CD-B3B6A57900A0}
	EndGlobalSection
EndGlobal
